# This file is automatically @generated by Poetry 1.7.0 and should not be changed by hand.

[[package]]
name = "colorama"
version = "0.4.6"
description = "Cross-platform colored terminal text."
optional = false
python-versions = "!=3.0.*,!=3.1.*,!=3.2.*,!=3.3.*,!=3.4.*,!=3.5.*,!=3.6.*,>=2.7"
files = [
    {file = "colorama-0.4.6-py2.py3-none-any.whl", hash = "sha256:4f1d9991f5acc0ca119f9d443620b77f9d6b33703e51011c16baf57afb285fc6"},
    {file = "colorama-0.4.6.tar.gz", hash = "sha256:08695f5cb7ed6e0531a20572697297273c47b8cae5a63ffc6d6ed5c201be6e44"},
]

[[package]]
name = "exceptiongroup"
version = "1.2.0"
description = "Backport of PEP 654 (exception groups)"
optional = false
python-versions = ">=3.7"
files = [
    {file = "exceptiongroup-1.2.0-py3-none-any.whl", hash = "sha256:4bfd3996ac73b41e9b9628b04e079f193850720ea5945fc96a08633c66912f14"},
    {file = "exceptiongroup-1.2.0.tar.gz", hash = "sha256:91f5c769735f051a4290d52edd0858999b57e5876e9f85937691bd4c9fa3ed68"},
]

[package.extras]
test = ["pytest (>=6)"]

[[package]]
name = "iniconfig"
version = "2.0.0"
description = "brain-dead simple config-ini parsing"
optional = false
python-versions = ">=3.7"
files = [
    {file = "iniconfig-2.0.0-py3-none-any.whl", hash = "sha256:b6a85871a79d2e3b22d2d1b94ac2824226a63c6b741c88f7ae975f18b6778374"},
    {file = "iniconfig-2.0.0.tar.gz", hash = "sha256:2d91e135bf72d31a410b17c16da610a82cb55f6b0477d1a902134b24a455b8b3"},
]

[[package]]
name = "nodeenv"
version = "1.8.0"
description = "Node.js virtual environment builder"
optional = false
python-versions = ">=2.7,!=3.0.*,!=3.1.*,!=3.2.*,!=3.3.*,!=3.4.*,!=3.5.*,!=3.6.*"
files = [
    {file = "nodeenv-1.8.0-py2.py3-none-any.whl", hash = "sha256:df865724bb3c3adc86b3876fa209771517b0cfe596beff01a92700e0e8be4cec"},
    {file = "nodeenv-1.8.0.tar.gz", hash = "sha256:d51e0c37e64fbf47d017feac3145cdbb58836d7eee8c6f6d3b6880c5456227d2"},
]

[package.dependencies]
setuptools = "*"

[[package]]
name = "packaging"
version = "23.2"
description = "Core utilities for Python packages"
optional = false
python-versions = ">=3.7"
files = [
    {file = "packaging-23.2-py3-none-any.whl", hash = "sha256:8c491190033a9af7e1d931d0b5dacc2ef47509b34dd0de67ed209b5203fc88c7"},
    {file = "packaging-23.2.tar.gz", hash = "sha256:048fb0e9405036518eaaf48a55953c750c11e1a1b68e0dd1a9d62ed0c092cfc5"},
]

[[package]]
name = "pluggy"
version = "1.3.0"
description = "plugin and hook calling mechanisms for python"
optional = false
python-versions = ">=3.8"
files = [
    {file = "pluggy-1.3.0-py3-none-any.whl", hash = "sha256:d89c696a773f8bd377d18e5ecda92b7a3793cbe66c87060a6fb58c7b6e1061f7"},
    {file = "pluggy-1.3.0.tar.gz", hash = "sha256:cf61ae8f126ac6f7c451172cf30e3e43d3ca77615509771b3a984a0730651e12"},
]

[package.extras]
dev = ["pre-commit", "tox"]
testing = ["pytest", "pytest-benchmark"]

[[package]]
name = "pyright"
version = "1.1.345"
description = "Command line wrapper for pyright"
optional = false
python-versions = ">=3.7"
files = [
    {file = "pyright-1.1.345-py3-none-any.whl", hash = "sha256:00891361baf58698aa660d9374823d65782823ceb4a65515ff5dd159b0d4d2b1"},
    {file = "pyright-1.1.345.tar.gz", hash = "sha256:bb8c80671cdaeb913142b49642a741959f3fcd728c99814631c2bde3a7864938"},
]

[package.dependencies]
nodeenv = ">=1.6.0"

[package.extras]
all = ["twine (>=3.4.1)"]
dev = ["twine (>=3.4.1)"]

[[package]]
name = "pytest"
version = "7.4.4"
description = "pytest: simple powerful testing with Python"
optional = false
python-versions = ">=3.7"
files = [
    {file = "pytest-7.4.4-py3-none-any.whl", hash = "sha256:b090cdf5ed60bf4c45261be03239c2c1c22df034fbffe691abe93cd80cea01d8"},
    {file = "pytest-7.4.4.tar.gz", hash = "sha256:2cf0005922c6ace4a3e2ec8b4080eb0d9753fdc93107415332f50ce9e7994280"},
]

[package.dependencies]
colorama = {version = "*", markers = "sys_platform == \"win32\""}
exceptiongroup = {version = ">=1.0.0rc8", markers = "python_version < \"3.11\""}
iniconfig = "*"
packaging = "*"
pluggy = ">=0.12,<2.0"
tomli = {version = ">=1.0.0", markers = "python_version < \"3.11\""}

[package.extras]
testing = ["argcomplete", "attrs (>=19.2.0)", "hypothesis (>=3.56)", "mock", "nose", "pygments (>=2.7.2)", "requests", "setuptools", "xmlschema"]

[[package]]
name = "ruff"
version = "0.1.11"
description = "An extremely fast Python linter and code formatter, written in Rust."
optional = false
python-versions = ">=3.7"
files = [
    {file = "ruff-0.1.11-py3-none-macosx_10_12_x86_64.macosx_11_0_arm64.macosx_10_12_universal2.whl", hash = "sha256:a7f772696b4cdc0a3b2e527fc3c7ccc41cdcb98f5c80fdd4f2b8c50eb1458196"},
    {file = "ruff-0.1.11-py3-none-macosx_10_12_x86_64.whl", hash = "sha256:934832f6ed9b34a7d5feea58972635c2039c7a3b434fe5ba2ce015064cb6e955"},
    {file = "ruff-0.1.11-py3-none-manylinux_2_17_aarch64.manylinux2014_aarch64.whl", hash = "sha256:ea0d3e950e394c4b332bcdd112aa566010a9f9c95814844a7468325290aabfd9"},
    {file = "ruff-0.1.11-py3-none-manylinux_2_17_armv7l.manylinux2014_armv7l.whl", hash = "sha256:9bd4025b9c5b429a48280785a2b71d479798a69f5c2919e7d274c5f4b32c3607"},
    {file = "ruff-0.1.11-py3-none-manylinux_2_17_i686.manylinux2014_i686.whl", hash = "sha256:e1ad00662305dcb1e987f5ec214d31f7d6a062cae3e74c1cbccef15afd96611d"},
    {file = "ruff-0.1.11-py3-none-manylinux_2_17_ppc64.manylinux2014_ppc64.whl", hash = "sha256:4b077ce83f47dd6bea1991af08b140e8b8339f0ba8cb9b7a484c30ebab18a23f"},
    {file = "ruff-0.1.11-py3-none-manylinux_2_17_ppc64le.manylinux2014_ppc64le.whl", hash = "sha256:c4a88efecec23c37b11076fe676e15c6cdb1271a38f2b415e381e87fe4517f18"},
    {file = "ruff-0.1.11-py3-none-manylinux_2_17_s390x.manylinux2014_s390x.whl", hash = "sha256:5b25093dad3b055667730a9b491129c42d45e11cdb7043b702e97125bcec48a1"},
    {file = "ruff-0.1.11-py3-none-manylinux_2_17_x86_64.manylinux2014_x86_64.whl", hash = "sha256:231d8fb11b2cc7c0366a326a66dafc6ad449d7fcdbc268497ee47e1334f66f77"},
    {file = "ruff-0.1.11-py3-none-musllinux_1_2_aarch64.whl", hash = "sha256:09c415716884950080921dd6237767e52e227e397e2008e2bed410117679975b"},
    {file = "ruff-0.1.11-py3-none-musllinux_1_2_armv7l.whl", hash = "sha256:0f58948c6d212a6b8d41cd59e349751018797ce1727f961c2fa755ad6208ba45"},
    {file = "ruff-0.1.11-py3-none-musllinux_1_2_i686.whl", hash = "sha256:190a566c8f766c37074d99640cd9ca3da11d8deae2deae7c9505e68a4a30f740"},
    {file = "ruff-0.1.11-py3-none-musllinux_1_2_x86_64.whl", hash = "sha256:6464289bd67b2344d2a5d9158d5eb81025258f169e69a46b741b396ffb0cda95"},
    {file = "ruff-0.1.11-py3-none-win32.whl", hash = "sha256:9b8f397902f92bc2e70fb6bebfa2139008dc72ae5177e66c383fa5426cb0bf2c"},
    {file = "ruff-0.1.11-py3-none-win_amd64.whl", hash = "sha256:eb85ee287b11f901037a6683b2374bb0ec82928c5cbc984f575d0437979c521a"},
    {file = "ruff-0.1.11-py3-none-win_arm64.whl", hash = "sha256:97ce4d752f964ba559c7023a86e5f8e97f026d511e48013987623915431c7ea9"},
    {file = "ruff-0.1.11.tar.gz", hash = "sha256:f9d4d88cb6eeb4dfe20f9f0519bd2eaba8119bde87c3d5065c541dbae2b5a2cb"},
]

[[package]]
name = "saxonche"
version = "12.4.1.0"
description = "Official Saxonica python package for the SaxonC-HE 12.4.1 processor: for XSLT 3.0, XQuery 3.1, XPath 3.1 and XML Schema processing."
optional = false
python-versions = ">=3.8"
files = [
    {file = "saxonche-12.4.1.0-cp310-cp310-macosx_10_9_x86_64.whl", hash = "sha256:f6e7753b31151cce9a284ce8b794525dec617cd7976c86598ffcd9e07f579cf5"},
    {file = "saxonche-12.4.1.0-cp310-cp310-macosx_11_0_arm64.whl", hash = "sha256:3d5106ca5b4dc5fbc572f2fea359c2df03ee7d5aa842515f4829e0986fcc680d"},
    {file = "saxonche-12.4.1.0-cp310-cp310-manylinux_2_17_aarch64.manylinux2014_aarch64.whl", hash = "sha256:e3bb80c1cfbbeb72b97ea8317db7b6ac9f5d6f9f03e75b5545674b4e23f7a64e"},
    {file = "saxonche-12.4.1.0-cp310-cp310-manylinux_2_17_x86_64.manylinux2014_x86_64.whl", hash = "sha256:1afe6edf0d4d173e27ef201aa1909595e2a621110e271cd7f0bee381626d75ac"},
    {file = "saxonche-12.4.1.0-cp310-cp310-win_amd64.whl", hash = "sha256:22613bfa88361c6061e75692191dbf4c0fa838cc9d71415dff42c52ce7105a3c"},
    {file = "saxonche-12.4.1.0-cp311-cp311-macosx_10_9_x86_64.whl", hash = "sha256:dac40217d07c19a12e48eef9d0d2254e8e11036766489db9c59ac113d853c95f"},
    {file = "saxonche-12.4.1.0-cp311-cp311-macosx_11_0_arm64.whl", hash = "sha256:4994a4174237d39d5763aebe27631171db762da4f24c3ca176a47fb0667e3a6d"},
    {file = "saxonche-12.4.1.0-cp311-cp311-manylinux_2_17_aarch64.manylinux2014_aarch64.whl", hash = "sha256:5ca48db3f5696dda8065222169fdd51256983530f77fd367c46f161509b19edf"},
    {file = "saxonche-12.4.1.0-cp311-cp311-manylinux_2_17_x86_64.manylinux2014_x86_64.whl", hash = "sha256:a412d507b12ba4ac0f28d399feafb16402af3da1443cfbe6736316d94ff2dbd8"},
    {file = "saxonche-12.4.1.0-cp311-cp311-win_amd64.whl", hash = "sha256:150d5bd2ad751d8aaec54b88e509433d00e0e5ab848ba60b2db62f2a5f546aba"},
    {file = "saxonche-12.4.1.0-cp312-cp312-macosx_10_9_x86_64.whl", hash = "sha256:07cec7e07e3c34657f801b111b1d26243b50b69d3b247bb2938dc1a6c672357c"},
    {file = "saxonche-12.4.1.0-cp312-cp312-macosx_11_0_arm64.whl", hash = "sha256:18f7ae4d07bdd4e2e2bc29ac4f13f44e8a506cbf42f8d990d5acd04cc148de23"},
    {file = "saxonche-12.4.1.0-cp312-cp312-manylinux_2_17_aarch64.manylinux2014_aarch64.whl", hash = "sha256:b6e15770689cf0f319f2d6ca890af03539156abe245e5d5420bdf224680f7c52"},
    {file = "saxonche-12.4.1.0-cp312-cp312-manylinux_2_17_x86_64.manylinux2014_x86_64.whl", hash = "sha256:771bdf0ecc3c0a163831d2533c2c6b693bc067b5e6e6c6f60313c20a73bd8723"},
    {file = "saxonche-12.4.1.0-cp312-cp312-win_amd64.whl", hash = "sha256:26fe3450927fdf89dd89bc5e1613ea98e57f68d1752064830eba6106ccf16ec6"},
    {file = "saxonche-12.4.1.0-cp38-cp38-macosx_10_9_x86_64.whl", hash = "sha256:666afff5b6da9e737119292933ee817d433a2268f3caef1b8ce99c1d74c86890"},
    {file = "saxonche-12.4.1.0-cp38-cp38-macosx_11_0_arm64.whl", hash = "sha256:6fef371712c1341b6bd4e6b3d5cfc778b5042ad0c9c69851471698256faf1830"},
    {file = "saxonche-12.4.1.0-cp38-cp38-manylinux_2_17_aarch64.manylinux2014_aarch64.whl", hash = "sha256:e0f118c7327c54adde490486bc8a93189a674fa2573d36359cacb168c0ab6c86"},
    {file = "saxonche-12.4.1.0-cp38-cp38-manylinux_2_17_x86_64.manylinux2014_x86_64.whl", hash = "sha256:3a71a6d25159aa19031f3851ed523476f6dbd83f7c105636a11001e15d2cd2f2"},
    {file = "saxonche-12.4.1.0-cp38-cp38-win_amd64.whl", hash = "sha256:bc97545b7e4b25086dda2871cc513aaeb18de7718e4b4b7ab4d2c12be9a0198a"},
    {file = "saxonche-12.4.1.0-cp39-cp39-macosx_10_9_x86_64.whl", hash = "sha256:f85fe2170cb4bfe6b4693742dabe0a83bc5d25ba3c085f65d924083bc4a0e789"},
    {file = "saxonche-12.4.1.0-cp39-cp39-macosx_11_0_arm64.whl", hash = "sha256:dcf3c9db29c6978f7b512826134f8cecafbe96acd6fef9aa703fafb50a5aaed8"},
    {file = "saxonche-12.4.1.0-cp39-cp39-manylinux_2_17_aarch64.manylinux2014_aarch64.whl", hash = "sha256:adbab4e7edebde7f1f673766c5f66db5acfa31a7de8fb91db31b5205bf46c556"},
    {file = "saxonche-12.4.1.0-cp39-cp39-manylinux_2_17_x86_64.manylinux2014_x86_64.whl", hash = "sha256:decf0bf1c3949b9f66f7ad8149b315cee3e477c4179b38d4c420fa11d965d7b4"},
    {file = "saxonche-12.4.1.0-cp39-cp39-win_amd64.whl", hash = "sha256:51f95968a2250002d37319c214b719826f9009a0245f82f14d22601a327d8f01"},
]

[[package]]
name = "setuptools"
version = "69.0.3"
description = "Easily download, build, install, upgrade, and uninstall Python packages"
optional = false
python-versions = ">=3.8"
files = [
    {file = "setuptools-69.0.3-py3-none-any.whl", hash = "sha256:385eb4edd9c9d5c17540511303e39a147ce2fc04bc55289c322b9e5904fe2c05"},
    {file = "setuptools-69.0.3.tar.gz", hash = "sha256:be1af57fc409f93647f2e8e4573a142ed38724b8cdd389706a867bb4efcf1e78"},
]

[package.extras]
docs = ["furo", "jaraco.packaging (>=9.3)", "jaraco.tidelift (>=1.4)", "pygments-github-lexers (==0.0.5)", "rst.linker (>=1.9)", "sphinx (<7.2.5)", "sphinx (>=3.5)", "sphinx-favicon", "sphinx-inline-tabs", "sphinx-lint", "sphinx-notfound-page (>=1,<2)", "sphinx-reredirects", "sphinxcontrib-towncrier"]
testing = ["build[virtualenv]", "filelock (>=3.4.0)", "flake8-2020", "ini2toml[lite] (>=0.9)", "jaraco.develop (>=7.21)", "jaraco.envs (>=2.2)", "jaraco.path (>=3.2.0)", "pip (>=19.1)", "pytest (>=6)", "pytest-black (>=0.3.7)", "pytest-checkdocs (>=2.4)", "pytest-cov", "pytest-enabler (>=2.2)", "pytest-mypy (>=0.9.1)", "pytest-perf", "pytest-ruff", "pytest-timeout", "pytest-xdist", "tomli-w (>=1.0.0)", "virtualenv (>=13.0.0)", "wheel"]
testing-integration = ["build[virtualenv] (>=1.0.3)", "filelock (>=3.4.0)", "jaraco.envs (>=2.2)", "jaraco.path (>=3.2.0)", "packaging (>=23.1)", "pytest", "pytest-enabler", "pytest-xdist", "tomli", "virtualenv (>=13.0.0)", "wheel"]

[[package]]
name = "testfixtures"
version = "7.2.2"
description = "A collection of helpers and mock objects for unit tests and doc tests."
optional = false
python-versions = ">=3.6"
files = [
    {file = "testfixtures-7.2.2-py3-none-any.whl", hash = "sha256:c72adaf9c7b06882b0ea379dd8159422ca2be0205eedc7c3fee0074cd32f45fa"},
    {file = "testfixtures-7.2.2.tar.gz", hash = "sha256:80774aecb0249458275ab783f53093fbe75795ff2b3218d22ce3fff0a12c4da6"},
]

[package.extras]
build = ["setuptools-git", "twine", "wheel"]
docs = ["django", "furo", "sphinx", "sybil (>=3)", "twisted", "zope.component"]
test = ["django", "mypy", "pytest (>=3.6)", "pytest-cov", "pytest-django", "sybil (>=3)", "twisted", "zope.component"]

[[package]]
name = "tomli"
version = "2.0.1"
description = "A lil' TOML parser"
optional = false
python-versions = ">=3.7"
files = [
    {file = "tomli-2.0.1-py3-none-any.whl", hash = "sha256:939de3e7a6161af0c887ef91b7d41a53e7c5a1ca976325f429cb46ea9bc30ecc"},
    {file = "tomli-2.0.1.tar.gz", hash = "sha256:de526c12914f0c550d15924c62d72abc48d6fe7364aa87328337a31007fe8a4f"},
]

[metadata]
lock-version = "2.0"
python-versions = "^3.9"
content-hash = "0725b6bfcbea2340b8b35adbe894ea657857110c09535f8e8ffab53dc6138788"
